
Microsoft Visual Studio Solution File, Format Version 12.00
# Visual Studio Version 16
VisualStudioVersion = 16.0.810.23
MinimumVisualStudioVersion = 10.0.40219.1
Project("{FAE04EC0-301F-11D3-BF4B-00C04F79EFBC}") = "MVCmovietracker", "MVCmovietracker.csproj", "{73B258A9-EE21-4660-BB0B-F915BFDA6E09}"
EndProject
Global
	GlobalSection(SolutionConfigurationPlatforms) = preSolution
		Debug|Any CPU = Debug|Any CPU
		Release|Any CPU = Release|Any CPU
	EndGlobalSection
	GlobalSection(ProjectConfigurationPlatforms) = postSolution
		{73B258A9-EE21-4660-BB0B-F915BFDA6E09}.Debug|Any CPU.ActiveCfg = Debug|Any CPU
		{73B258A9-EE21-4660-BB0B-F915BFDA6E09}.Debug|Any CPU.Build.0 = Debug|Any CPU
		{73B258A9-EE21-4660-BB0B-F915BFDA6E09}.Release|Any CPU.ActiveCfg = Release|Any CPU
		{73B258A9-EE21-4660-BB0B-F915BFDA6E09}.Release|Any CPU.Build.0 = Release|Any CPU
	EndGlobalSection
	GlobalSection(SolutionProperties) = preSolution
		HideSolutionNode = FALSE
	EndGlobalSection
	GlobalSection(ExtensibilityGlobals) = postSolution
		SolutionGuid = {48E77A6C-4FAA-4CCF-9A77-5FD6CBE1796D}
	EndGlobalSection
EndGlobal
